
Microsoft Visual Studio Solution File, Format Version 12.00
# Visual Studio Version 17
VisualStudioVersion = 17.5.002.0
MinimumVisualStudioVersion = 10.0.40219.1
Project("{9A19103F-16F7-4668-BE54-9A1E7A4F7556}") = "TPFinal", "TPFinal\TPFinal.csproj", "{B784859F-71A2-4E87-B1ED-716992615E70}"
EndProject
Global
	GlobalSection(SolutionConfigurationPlatforms) = preSolution
		Debug|Any CPU = Debug|Any CPU
		Release|Any CPU = Release|Any CPU
	EndGlobalSection
	GlobalSection(ProjectConfigurationPlatforms) = postSolution
		{B784859F-71A2-4E87-B1ED-716992615E70}.Debug|Any CPU.ActiveCfg = Debug|Any CPU
		{B784859F-71A2-4E87-B1ED-716992615E70}.Debug|Any CPU.Build.0 = Debug|Any CPU
		{B784859F-71A2-4E87-B1ED-716992615E70}.Release|Any CPU.ActiveCfg = Release|Any CPU
		{B784859F-71A2-4E87-B1ED-716992615E70}.Release|Any CPU.Build.0 = Release|Any CPU
	EndGlobalSection
	GlobalSection(SolutionProperties) = preSolution
		HideSolutionNode = FALSE
	EndGlobalSection
	GlobalSection(ExtensibilityGlobals) = postSolution
		SolutionGuid = {2447A836-C085-4923-8E91-C1107A1CEEDE}
	EndGlobalSection
EndGlobal
